# This file is automatically @generated by Cargo.
# It is not intended for manual editing.
version = 4

[[package]]
name = "rt-ast"
version = "0.1.0"
dependencies = [
 "rt-common",
]

[[package]]
name = "rt-cli"
version = "0.1.0"
dependencies = [
 "rt-common",
 "rt-driver",
]

[[package]]
name = "rt-codegen"
version = "0.1.0"
dependencies = [
 "rt-ast",
 "rt-lexer",
 "rt-parser",
]

[[package]]
name = "rt-common"
version = "0.1.0"

[[package]]
name = "rt-driver"
version = "0.1.0"
dependencies = [
 "rt-ast",
 "rt-codegen",
 "rt-common",
 "rt-ir-view",
 "rt-lexer",
 "rt-parser",
 "rt-semantic",
]

[[package]]
name = "rt-ir-view"
version = "0.1.0"

[[package]]
name = "rt-lexer"
version = "0.1.0"
dependencies = [
 "rt-common",
]

[[package]]
name = "rt-parser"
version = "0.1.0"
dependencies = [
 "rt-ast",
 "rt-common",
 "rt-lexer",
]

[[package]]
name = "rt-semantic"
version = "0.1.0"
dependencies = [
 "rt-ast",
 "rt-common",
 "rt-lexer",
 "rt-parser",
]
